
Microsoft Visual Studio Solution File, Format Version 12.00
# Visual Studio Version 17
VisualStudioVersion = 17.5.33530.505
MinimumVisualStudioVersion = 10.0.40219.1
Project("{FAE04EC0-301F-11D3-BF4B-00C04F79EFBC}") = "WS02.Android", "WS02\WS02.Android\WS02.Android.csproj", "{420A5896-4CF6-4447-8EA0-EB0D0676C3B3}"
EndProject
Project("{FAE04EC0-301F-11D3-BF4B-00C04F79EFBC}") = "WS02", "WS02\WS02\WS02.csproj", "{6138BF81-3498-4FE4-8216-8EB9FC3D06BD}"
EndProject
Global
	GlobalSection(SolutionConfigurationPlatforms) = preSolution
		Debug|Any CPU = Debug|Any CPU
		Release|Any CPU = Release|Any CPU
	EndGlobalSection
	GlobalSection(ProjectConfigurationPlatforms) = postSolution
		{420A5896-4CF6-4447-8EA0-EB0D0676C3B3}.Debug|Any CPU.ActiveCfg = Debug|Any CPU
		{420A5896-4CF6-4447-8EA0-EB0D0676C3B3}.Debug|Any CPU.Build.0 = Debug|Any CPU
		{420A5896-4CF6-4447-8EA0-EB0D0676C3B3}.Debug|Any CPU.Deploy.0 = Debug|Any CPU
		{420A5896-4CF6-4447-8EA0-EB0D0676C3B3}.Release|Any CPU.ActiveCfg = Release|Any CPU
		{420A5896-4CF6-4447-8EA0-EB0D0676C3B3}.Release|Any CPU.Build.0 = Release|Any CPU
		{420A5896-4CF6-4447-8EA0-EB0D0676C3B3}.Release|Any CPU.Deploy.0 = Release|Any CPU
		{6138BF81-3498-4FE4-8216-8EB9FC3D06BD}.Debug|Any CPU.ActiveCfg = Debug|Any CPU
		{6138BF81-3498-4FE4-8216-8EB9FC3D06BD}.Debug|Any CPU.Build.0 = Debug|Any CPU
		{6138BF81-3498-4FE4-8216-8EB9FC3D06BD}.Debug|Any CPU.Deploy.0 = Debug|Any CPU
		{6138BF81-3498-4FE4-8216-8EB9FC3D06BD}.Release|Any CPU.ActiveCfg = Release|Any CPU
		{6138BF81-3498-4FE4-8216-8EB9FC3D06BD}.Release|Any CPU.Build.0 = Release|Any CPU
		{6138BF81-3498-4FE4-8216-8EB9FC3D06BD}.Release|Any CPU.Deploy.0 = Release|Any CPU
	EndGlobalSection
	GlobalSection(SolutionProperties) = preSolution
		HideSolutionNode = FALSE
	EndGlobalSection
	GlobalSection(ExtensibilityGlobals) = postSolution
		SolutionGuid = {6A3D986E-5170-4CF4-A358-CB14E24B74F2}
	EndGlobalSection
EndGlobal
